
Microsoft Visual Studio Solution File, Format Version 12.00
# Visual Studio Version 17
VisualStudioVersion = 17.14.36511.14 d17.14
MinimumVisualStudioVersion = 10.0.40219.1
Project("{FAE04EC0-301F-11D3-BF4B-00C04F79EFBC}") = "Shoes_project", "Shoes_project\Shoes_project.csproj", "{2612C6F5-4298-437A-9AD9-378394D536BB}"
EndProject
Global
	GlobalSection(SolutionConfigurationPlatforms) = preSolution
		Debug|Any CPU = Debug|Any CPU
		Release|Any CPU = Release|Any CPU
	EndGlobalSection
	GlobalSection(ProjectConfigurationPlatforms) = postSolution
		{2612C6F5-4298-437A-9AD9-378394D536BB}.Debug|Any CPU.ActiveCfg = Debug|Any CPU
		{2612C6F5-4298-437A-9AD9-378394D536BB}.Debug|Any CPU.Build.0 = Debug|Any CPU
		{2612C6F5-4298-437A-9AD9-378394D536BB}.Release|Any CPU.ActiveCfg = Release|Any CPU
		{2612C6F5-4298-437A-9AD9-378394D536BB}.Release|Any CPU.Build.0 = Release|Any CPU
	EndGlobalSection
	GlobalSection(SolutionProperties) = preSolution
		HideSolutionNode = FALSE
	EndGlobalSection
	GlobalSection(ExtensibilityGlobals) = postSolution
		SolutionGuid = {D0FE35CE-2F0F-43A0-94CF-1D8E7167B39F}
	EndGlobalSection
EndGlobal
